
Microsoft Visual Studio Solution File, Format Version 12.00
# Visual Studio Version 17
VisualStudioVersion = 17.3.32929.385
MinimumVisualStudioVersion = 10.0.40219.1
Project("{9A19103F-16F7-4668-BE54-9A1E7A4F7556}") = "Monitor", "Monitor.csproj", "{1B83A2FF-311F-444E-A0AB-489A739C986B}"
EndProject
Project("{FAE04EC0-301F-11D3-BF4B-00C04F79EFBC}") = "TestMonitor", "..\TestMonitor\TestMonitor.csproj", "{4CCBF685-22F8-47EB-B36A-3490E0081AAB}"
EndProject
Global
	GlobalSection(SolutionConfigurationPlatforms) = preSolution
		Debug|Any CPU = Debug|Any CPU
		Release|Any CPU = Release|Any CPU
	EndGlobalSection
	GlobalSection(ProjectConfigurationPlatforms) = postSolution
		{1B83A2FF-311F-444E-A0AB-489A739C986B}.Debug|Any CPU.ActiveCfg = Debug|Any CPU
		{1B83A2FF-311F-444E-A0AB-489A739C986B}.Debug|Any CPU.Build.0 = Debug|Any CPU
		{1B83A2FF-311F-444E-A0AB-489A739C986B}.Release|Any CPU.ActiveCfg = Release|Any CPU
		{1B83A2FF-311F-444E-A0AB-489A739C986B}.Release|Any CPU.Build.0 = Release|Any CPU
		{4CCBF685-22F8-47EB-B36A-3490E0081AAB}.Debug|Any CPU.ActiveCfg = Debug|Any CPU
		{4CCBF685-22F8-47EB-B36A-3490E0081AAB}.Debug|Any CPU.Build.0 = Debug|Any CPU
		{4CCBF685-22F8-47EB-B36A-3490E0081AAB}.Release|Any CPU.ActiveCfg = Release|Any CPU
		{4CCBF685-22F8-47EB-B36A-3490E0081AAB}.Release|Any CPU.Build.0 = Release|Any CPU
	EndGlobalSection
	GlobalSection(SolutionProperties) = preSolution
		HideSolutionNode = FALSE
	EndGlobalSection
	GlobalSection(ExtensibilityGlobals) = postSolution
		SolutionGuid = {9B1518DA-9679-4A49-B021-C5841FAEDE3D}
	EndGlobalSection
EndGlobal
